
Microsoft Visual Studio Solution File, Format Version 11.00
# Visual Studio 2010
Project("{FAE04EC0-301F-11D3-BF4B-00C04F79EFBC}") = "Assembly-CSharp", "Assembly-CSharp.csproj", "{85C6B9D2-30C4-9678-3057-897F111FCF32}"
EndProject
Project("{FAE04EC0-301F-11D3-BF4B-00C04F79EFBC}") = "Assembly-CSharp-firstpass", "Assembly-CSharp-firstpass.csproj", "{DF8AF812-86D5-EF2E-66E9-6E1687A94A5A}"
EndProject
Project("{FAE04EC0-301F-11D3-BF4B-00C04F79EFBC}") = "SteamVR_Actions", "SteamVR_Actions.csproj", "{9AE14800-A246-822A-7607-2030E5D43E12}"
EndProject
Project("{FAE04EC0-301F-11D3-BF4B-00C04F79EFBC}") = "SteamVR", "SteamVR.csproj", "{8ED087F0-DD13-885A-6D32-B023EC19E929}"
EndProject
Project("{FAE04EC0-301F-11D3-BF4B-00C04F79EFBC}") = "SteamVR_Editor", "SteamVR_Editor.csproj", "{47716E40-6956-4873-53BB-794BA5A55EB5}"
EndProject
Project("{FAE04EC0-301F-11D3-BF4B-00C04F79EFBC}") = "Assembly-CSharp-Editor-firstpass", "Assembly-CSharp-Editor-firstpass.csproj", "{16E16AC4-783E-6983-2B1B-C04B92BDC092}"
EndProject
Global
	GlobalSection(SolutionConfigurationPlatforms) = preSolution
		Debug|Any CPU = Debug|Any CPU
		Release|Any CPU = Release|Any CPU
	EndGlobalSection
	GlobalSection(ProjectConfigurationPlatforms) = postSolution
		{85C6B9D2-30C4-9678-3057-897F111FCF32}.Debug|Any CPU.ActiveCfg = Debug|Any CPU
		{85C6B9D2-30C4-9678-3057-897F111FCF32}.Debug|Any CPU.Build.0 = Debug|Any CPU
		{85C6B9D2-30C4-9678-3057-897F111FCF32}.Release|Any CPU.ActiveCfg = Release|Any CPU
		{85C6B9D2-30C4-9678-3057-897F111FCF32}.Release|Any CPU.Build.0 = Release|Any CPU
		{DF8AF812-86D5-EF2E-66E9-6E1687A94A5A}.Debug|Any CPU.ActiveCfg = Debug|Any CPU
		{DF8AF812-86D5-EF2E-66E9-6E1687A94A5A}.Debug|Any CPU.Build.0 = Debug|Any CPU
		{DF8AF812-86D5-EF2E-66E9-6E1687A94A5A}.Release|Any CPU.ActiveCfg = Release|Any CPU
		{DF8AF812-86D5-EF2E-66E9-6E1687A94A5A}.Release|Any CPU.Build.0 = Release|Any CPU
		{9AE14800-A246-822A-7607-2030E5D43E12}.Debug|Any CPU.ActiveCfg = Debug|Any CPU
		{9AE14800-A246-822A-7607-2030E5D43E12}.Debug|Any CPU.Build.0 = Debug|Any CPU
		{9AE14800-A246-822A-7607-2030E5D43E12}.Release|Any CPU.ActiveCfg = Release|Any CPU
		{9AE14800-A246-822A-7607-2030E5D43E12}.Release|Any CPU.Build.0 = Release|Any CPU
		{8ED087F0-DD13-885A-6D32-B023EC19E929}.Debug|Any CPU.ActiveCfg = Debug|Any CPU
		{8ED087F0-DD13-885A-6D32-B023EC19E929}.Debug|Any CPU.Build.0 = Debug|Any CPU
		{8ED087F0-DD13-885A-6D32-B023EC19E929}.Release|Any CPU.ActiveCfg = Release|Any CPU
		{8ED087F0-DD13-885A-6D32-B023EC19E929}.Release|Any CPU.Build.0 = Release|Any CPU
		{47716E40-6956-4873-53BB-794BA5A55EB5}.Debug|Any CPU.ActiveCfg = Debug|Any CPU
		{47716E40-6956-4873-53BB-794BA5A55EB5}.Debug|Any CPU.Build.0 = Debug|Any CPU
		{47716E40-6956-4873-53BB-794BA5A55EB5}.Release|Any CPU.ActiveCfg = Release|Any CPU
		{47716E40-6956-4873-53BB-794BA5A55EB5}.Release|Any CPU.Build.0 = Release|Any CPU
		{16E16AC4-783E-6983-2B1B-C04B92BDC092}.Debug|Any CPU.ActiveCfg = Debug|Any CPU
		{16E16AC4-783E-6983-2B1B-C04B92BDC092}.Debug|Any CPU.Build.0 = Debug|Any CPU
		{16E16AC4-783E-6983-2B1B-C04B92BDC092}.Release|Any CPU.ActiveCfg = Release|Any CPU
		{16E16AC4-783E-6983-2B1B-C04B92BDC092}.Release|Any CPU.Build.0 = Release|Any CPU
	EndGlobalSection
	GlobalSection(SolutionProperties) = preSolution
		HideSolutionNode = FALSE
	EndGlobalSection
EndGlobal
